// !$*UTF8*$!
{
	archiveVersion = 1;
	classes = {
	};
	objectVersion = 45;
	objects = {

/* Begin PBXBuildFile section */
		1D3623260D0F684500981E51 /* CentareSurveyAppDelegate.m in Sources */ = {isa = PBXBuildFile; fileRef = 1D3623250D0F684500981E51 /* CentareSurveyAppDelegate.m */; };
		1D60589B0D05DD56006BFB54 /* main.m in Sources */ = {isa = PBXBuildFile; fileRef = 29B97316FDCFA39411CA2CEA /* main.m */; };
		1D60589F0D05DD5A006BFB54 /* Foundation.framework in Frameworks */ = {isa = PBXBuildFile; fileRef = 1D30AB110D05D00D00671497 /* Foundation.framework */; };
		1DF5F4E00D08C38300B7A737 /* UIKit.framework in Frameworks */ = {isa = PBXBuildFile; fileRef = 1DF5F4DF0D08C38300B7A737 /* UIKit.framework */; };
		288765FD0DF74451002DB57D /* CoreGraphics.framework in Frameworks */ = {isa = PBXBuildFile; fileRef = 288765FC0DF74451002DB57D /* CoreGraphics.framework */; };
		28AD733F0D9D9553002E5188 /* MainWindow.xib in Resources */ = {isa = PBXBuildFile; fileRef = 28AD733E0D9D9553002E5188 /* MainWindow.xib */; };
		C91D09231177FF5D00C3984C /* Padlock-icon.png in Resources */ = {isa = PBXBuildFile; fileRef = C91D09221177FF5D00C3984C /* Padlock-icon.png */; };
		C91D09251178000000C3984C /* Padlock-icon_small.png in Resources */ = {isa = PBXBuildFile; fileRef = C91D09241178000000C3984C /* Padlock-icon_small.png */; };
		C9679982117BB13B00FB1A88 /* QuestionSixView.xib in Resources */ = {isa = PBXBuildFile; fileRef = C967997E117BB13B00FB1A88 /* QuestionSixView.xib */; };
		C9679987117BB19200FB1A88 /* QuestionTwoView.xib in Resources */ = {isa = PBXBuildFile; fileRef = C9679986117BB19200FB1A88 /* QuestionTwoView.xib */; };
		C967998C117BB29D00FB1A88 /* QuestionFiveView.xib in Resources */ = {isa = PBXBuildFile; fileRef = C9679989117BB29D00FB1A88 /* QuestionFiveView.xib */; };
		C967998D117BB29D00FB1A88 /* QuestionFourView.xib in Resources */ = {isa = PBXBuildFile; fileRef = C967998A117BB29D00FB1A88 /* QuestionFourView.xib */; };
		C967998E117BB29D00FB1A88 /* QuestionThreeView.xib in Resources */ = {isa = PBXBuildFile; fileRef = C967998B117BB29D00FB1A88 /* QuestionThreeView.xib */; };
		C967999B117BB4A700FB1A88 /* QuestionSixViewController.m in Sources */ = {isa = PBXBuildFile; fileRef = C967999A117BB4A700FB1A88 /* QuestionSixViewController.m */; };
		C96799A0117BB4B300FB1A88 /* QuestionFiveViewController.m in Sources */ = {isa = PBXBuildFile; fileRef = C967999D117BB4B300FB1A88 /* QuestionFiveViewController.m */; };
		C96799A1117BB4B300FB1A88 /* QuestionFourViewController.m in Sources */ = {isa = PBXBuildFile; fileRef = C967999F117BB4B300FB1A88 /* QuestionFourViewController.m */; };
		C96A143F117249720097D97D /* RootViewController.m in Sources */ = {isa = PBXBuildFile; fileRef = C96A143E117249720097D97D /* RootViewController.m */; };
		C96A14431172576F0097D97D /* QuestionOneViewController.m in Sources */ = {isa = PBXBuildFile; fileRef = C96A14421172576F0097D97D /* QuestionOneViewController.m */; };
		C96A1446117257820097D97D /* QuestionTwoViewController.m in Sources */ = {isa = PBXBuildFile; fileRef = C96A1445117257820097D97D /* QuestionTwoViewController.m */; };
		C96A14491172578F0097D97D /* QuestionThreeViewController.m in Sources */ = {isa = PBXBuildFile; fileRef = C96A14481172578F0097D97D /* QuestionThreeViewController.m */; };
		C96A152B117261D70097D97D /* QuestionOneView.xib in Resources */ = {isa = PBXBuildFile; fileRef = C96A152A117261D70097D97D /* QuestionOneView.xib */; };
		C96DFF141177DD0C00DF882E /* WelcomeViewController.m in Sources */ = {isa = PBXBuildFile; fileRef = C96DFF131177DD0C00DF882E /* WelcomeViewController.m */; };
		C96DFF161177DE3100DF882E /* Welcome.xib in Resources */ = {isa = PBXBuildFile; fileRef = C96DFF151177DE3100DF882E /* Welcome.xib */; };
		C9B5BC3F117A4BAE007F159C /* Centare_Icon_90x90.png in Resources */ = {isa = PBXBuildFile; fileRef = C9B5BC3E117A4BAE007F159C /* Centare_Icon_90x90.png */; };
		C9EFADFB1174063C00014AF8 /* OrangeRectHighlight.png in Resources */ = {isa = PBXBuildFile; fileRef = C9EFADFA1174063C00014AF8 /* OrangeRectHighlight.png */; };
		C9F402B3117248A200B8EDEF /* BlueRect.png in Resources */ = {isa = PBXBuildFile; fileRef = C9F402AF117248A200B8EDEF /* BlueRect.png */; };
		C9F402B4117248A200B8EDEF /* BlueRectHighlight.png in Resources */ = {isa = PBXBuildFile; fileRef = C9F402B0117248A200B8EDEF /* BlueRectHighlight.png */; };
		C9F402B5117248A200B8EDEF /* Centare.png in Resources */ = {isa = PBXBuildFile; fileRef = C9F402B1117248A200B8EDEF /* Centare.png */; };
		C9F402B6117248A200B8EDEF /* GreenRectHighlight.png in Resources */ = {isa = PBXBuildFile; fileRef = C9F402B2117248A200B8EDEF /* GreenRectHighlight.png */; };
/* End PBXBuildFile section */

/* Begin PBXFileReference section */
		1D30AB110D05D00D00671497 /* Foundation.framework */ = {isa = PBXFileReference; lastKnownFileType = wrapper.framework; name = Foundation.framework; path = System/Library/Frameworks/Foundation.framework; sourceTree = SDKROOT; };
		1D3623240D0F684500981E51 /* CentareSurveyAppDelegate.h */ = {isa = PBXFileReference; fileEncoding = 4; lastKnownFileType = sourcecode.c.h; path = CentareSurveyAppDelegate.h; sourceTree = "<group>"; };
		1D3623250D0F684500981E51 /* CentareSurveyAppDelegate.m */ = {isa = PBXFileReference; fileEncoding = 4; lastKnownFileType = sourcecode.c.objc; path = CentareSurveyAppDelegate.m; sourceTree = "<group>"; };
		1D6058910D05DD3D006BFB54 /* CentareSurvey.app */ = {isa = PBXFileReference; explicitFileType = wrapper.application; includeInIndex = 0; path = CentareSurvey.app; sourceTree = BUILT_PRODUCTS_DIR; };
		1DF5F4DF0D08C38300B7A737 /* UIKit.framework */ = {isa = PBXFileReference; lastKnownFileType = wrapper.framework; name = UIKit.framework; path = System/Library/Frameworks/UIKit.framework; sourceTree = SDKROOT; };
		288765FC0DF74451002DB57D /* CoreGraphics.framework */ = {isa = PBXFileReference; lastKnownFileType = wrapper.framework; name = CoreGraphics.framework; path = System/Library/Frameworks/CoreGraphics.framework; sourceTree = SDKROOT; };
		28AD733E0D9D9553002E5188 /* MainWindow.xib */ = {isa = PBXFileReference; lastKnownFileType = file.xib; path = MainWindow.xib; sourceTree = "<group>"; };
		29B97316FDCFA39411CA2CEA /* main.m */ = {isa = PBXFileReference; fileEncoding = 4; lastKnownFileType = sourcecode.c.objc; path = main.m; sourceTree = "<group>"; };
		32CA4F630368D1EE00C91783 /* CentareSurvey_Prefix.pch */ = {isa = PBXFileReference; fileEncoding = 4; lastKnownFileType = sourcecode.c.h; path = CentareSurvey_Prefix.pch; sourceTree = "<group>"; };
		8D1107310486CEB800E47090 /* CentareSurvey-Info.plist */ = {isa = PBXFileReference; fileEncoding = 4; lastKnownFileType = text.plist.xml; path = "CentareSurvey-Info.plist"; plistStructureDefinitionIdentifier = "com.apple.xcode.plist.structure-definition.iphone.info-plist"; sourceTree = "<group>"; };
		C91D09221177FF5D00C3984C /* Padlock-icon.png */ = {isa = PBXFileReference; lastKnownFileType = image.png; name = "Padlock-icon.png"; path = "Images/Padlock-icon.png"; sourceTree = "<group>"; };
		C91D09241178000000C3984C /* Padlock-icon_small.png */ = {isa = PBXFileReference; lastKnownFileType = image.png; name = "Padlock-icon_small.png"; path = "Images/Padlock-icon_small.png"; sourceTree = "<group>"; };
		C967997E117BB13B00FB1A88 /* QuestionSixView.xib */ = {isa = PBXFileReference; lastKnownFileType = file.xib; path = QuestionSixView.xib; sourceTree = "<group>"; };
		C9679986117BB19200FB1A88 /* QuestionTwoView.xib */ = {isa = PBXFileReference; lastKnownFileType = file.xib; path = QuestionTwoView.xib; sourceTree = "<group>"; };
		C9679989117BB29D00FB1A88 /* QuestionFiveView.xib */ = {isa = PBXFileReference; lastKnownFileType = file.xib; path = QuestionFiveView.xib; sourceTree = "<group>"; };
		C967998A117BB29D00FB1A88 /* QuestionFourView.xib */ = {isa = PBXFileReference; lastKnownFileType = file.xib; path = QuestionFourView.xib; sourceTree = "<group>"; };
		C967998B117BB29D00FB1A88 /* QuestionThreeView.xib */ = {isa = PBXFileReference; lastKnownFileType = file.xib; path = QuestionThreeView.xib; sourceTree = "<group>"; };
		C9679999117BB4A700FB1A88 /* QuestionSixViewController.h */ = {isa = PBXFileReference; fileEncoding = 4; lastKnownFileType = sourcecode.c.h; path = QuestionSixViewController.h; sourceTree = "<group>"; };
		C967999A117BB4A700FB1A88 /* QuestionSixViewController.m */ = {isa = PBXFileReference; fileEncoding = 4; lastKnownFileType = sourcecode.c.objc; path = QuestionSixViewController.m; sourceTree = "<group>"; };
		C967999C117BB4B300FB1A88 /* QuestionFiveViewController.h */ = {isa = PBXFileReference; fileEncoding = 4; lastKnownFileType = sourcecode.c.h; path = QuestionFiveViewController.h; sourceTree = "<group>"; };
		C967999D117BB4B300FB1A88 /* QuestionFiveViewController.m */ = {isa = PBXFileReference; fileEncoding = 4; lastKnownFileType = sourcecode.c.objc; path = QuestionFiveViewController.m; sourceTree = "<group>"; };
		C967999E117BB4B300FB1A88 /* QuestionFourViewController.h */ = {isa = PBXFileReference; fileEncoding = 4; lastKnownFileType = sourcecode.c.h; path = QuestionFourViewController.h; sourceTree = "<group>"; };
		C967999F117BB4B300FB1A88 /* QuestionFourViewController.m */ = {isa = PBXFileReference; fileEncoding = 4; lastKnownFileType = sourcecode.c.objc; path = QuestionFourViewController.m; sourceTree = "<group>"; };
		C96A143D117249720097D97D /* RootViewController.h */ = {isa = PBXFileReference; fileEncoding = 4; lastKnownFileType = sourcecode.c.h; path = RootViewController.h; sourceTree = "<group>"; };
		C96A143E117249720097D97D /* RootViewController.m */ = {isa = PBXFileReference; fileEncoding = 4; lastKnownFileType = sourcecode.c.objc; path = RootViewController.m; sourceTree = "<group>"; };
		C96A14411172576F0097D97D /* QuestionOneViewController.h */ = {isa = PBXFileReference; fileEncoding = 4; lastKnownFileType = sourcecode.c.h; path = QuestionOneViewController.h; sourceTree = "<group>"; };
		C96A14421172576F0097D97D /* QuestionOneViewController.m */ = {isa = PBXFileReference; fileEncoding = 4; lastKnownFileType = sourcecode.c.objc; path = QuestionOneViewController.m; sourceTree = "<group>"; };
		C96A1444117257820097D97D /* QuestionTwoViewController.h */ = {isa = PBXFileReference; fileEncoding = 4; lastKnownFileType = sourcecode.c.h; path = QuestionTwoViewController.h; sourceTree = "<group>"; };
		C96A1445117257820097D97D /* QuestionTwoViewController.m */ = {isa = PBXFileReference; fileEncoding = 4; lastKnownFileType = sourcecode.c.objc; path = QuestionTwoViewController.m; sourceTree = "<group>"; };
		C96A14471172578F0097D97D /* QuestionThreeViewController.h */ = {isa = PBXFileReference; fileEncoding = 4; lastKnownFileType = sourcecode.c.h; path = QuestionThreeViewController.h; sourceTree = "<group>"; };
		C96A14481172578F0097D97D /* QuestionThreeViewController.m */ = {isa = PBXFileReference; fileEncoding = 4; lastKnownFileType = sourcecode.c.objc; path = QuestionThreeViewController.m; sourceTree = "<group>"; };
		C96A152A117261D70097D97D /* QuestionOneView.xib */ = {isa = PBXFileReference; lastKnownFileType = file.xib; path = QuestionOneView.xib; sourceTree = "<group>"; };
		C96DFF121177DD0C00DF882E /* WelcomeViewController.h */ = {isa = PBXFileReference; fileEncoding = 4; lastKnownFileType = sourcecode.c.h; path = WelcomeViewController.h; sourceTree = "<group>"; };
		C96DFF131177DD0C00DF882E /* WelcomeViewController.m */ = {isa = PBXFileReference; fileEncoding = 4; lastKnownFileType = sourcecode.c.objc; path = WelcomeViewController.m; sourceTree = "<group>"; };
		C96DFF151177DE3100DF882E /* Welcome.xib */ = {isa = PBXFileReference; lastKnownFileType = file.xib; path = Welcome.xib; sourceTree = "<group>"; };
		C9B5BC3E117A4BAE007F159C /* Centare_Icon_90x90.png */ = {isa = PBXFileReference; lastKnownFileType = image.png; name = Centare_Icon_90x90.png; path = Images/Centare_Icon_90x90.png; sourceTree = "<group>"; };
		C9EFADFA1174063C00014AF8 /* OrangeRectHighlight.png */ = {isa = PBXFileReference; lastKnownFileType = image.png; name = OrangeRectHighlight.png; path = Images/OrangeRectHighlight.png; sourceTree = "<group>"; };
		C9F402AF117248A200B8EDEF /* BlueRect.png */ = {isa = PBXFileReference; lastKnownFileType = image.png; name = BlueRect.png; path = Images/BlueRect.png; sourceTree = "<group>"; };
		C9F402B0117248A200B8EDEF /* BlueRectHighlight.png */ = {isa = PBXFileReference; lastKnownFileType = image.png; name = BlueRectHighlight.png; path = Images/BlueRectHighlight.png; sourceTree = "<group>"; };
		C9F402B1117248A200B8EDEF /* Centare.png */ = {isa = PBXFileReference; lastKnownFileType = image.png; name = Centare.png; path = Images/Centare.png; sourceTree = "<group>"; };
		C9F402B2117248A200B8EDEF /* GreenRectHighlight.png */ = {isa = PBXFileReference; lastKnownFileType = image.png; name = GreenRectHighlight.png; path = Images/GreenRectHighlight.png; sourceTree = "<group>"; };
/* End PBXFileReference section */

/* Begin PBXFrameworksBuildPhase section */
		1D60588F0D05DD3D006BFB54 /* Frameworks */ = {
			isa = PBXFrameworksBuildPhase;
			buildActionMask = 2147483647;
			files = (
				1D60589F0D05DD5A006BFB54 /* Foundation.framework in Frameworks */,
				1DF5F4E00D08C38300B7A737 /* UIKit.framework in Frameworks */,
				288765FD0DF74451002DB57D /* CoreGraphics.framework in Frameworks */,
			);
			runOnlyForDeploymentPostprocessing = 0;
		};
/* End PBXFrameworksBuildPhase section */

/* Begin PBXGroup section */
		080E96DDFE201D6D7F000001 /* Classes */ = {
			isa = PBXGroup;
			children = (
				C96A1450117257BE0097D97D /* Questions */,
				1D3623240D0F684500981E51 /* CentareSurveyAppDelegate.h */,
				1D3623250D0F684500981E51 /* CentareSurveyAppDelegate.m */,
				C96A143D117249720097D97D /* RootViewController.h */,
				C96A143E117249720097D97D /* RootViewController.m */,
				C96DFF121177DD0C00DF882E /* WelcomeViewController.h */,
				C96DFF131177DD0C00DF882E /* WelcomeViewController.m */,
			);
			path = Classes;
			sourceTree = "<group>";
		};
		19C28FACFE9D520D11CA2CBB /* Products */ = {
			isa = PBXGroup;
			children = (
				1D6058910D05DD3D006BFB54 /* CentareSurvey.app */,
			);
			name = Products;
			sourceTree = "<group>";
		};
		29B97314FDCFA39411CA2CEA /* CustomTemplate */ = {
			isa = PBXGroup;
			children = (
				080E96DDFE201D6D7F000001 /* Classes */,
				29B97315FDCFA39411CA2CEA /* Other Sources */,
				29B97317FDCFA39411CA2CEA /* Resources */,
				29B97323FDCFA39411CA2CEA /* Frameworks */,
				19C28FACFE9D520D11CA2CBB /* Products */,
			);
			name = CustomTemplate;
			sourceTree = "<group>";
		};
		29B97315FDCFA39411CA2CEA /* Other Sources */ = {
			isa = PBXGroup;
			children = (
				32CA4F630368D1EE00C91783 /* CentareSurvey_Prefix.pch */,
				29B97316FDCFA39411CA2CEA /* main.m */,
			);
			name = "Other Sources";
			sourceTree = "<group>";
		};
		29B97317FDCFA39411CA2CEA /* Resources */ = {
			isa = PBXGroup;
			children = (
				8D1107310486CEB800E47090 /* CentareSurvey-Info.plist */,
				C9B5BC3E117A4BAE007F159C /* Centare_Icon_90x90.png */,
				C9F402B1117248A200B8EDEF /* Centare.png */,
				C9F402AF117248A200B8EDEF /* BlueRect.png */,
				C9F402B0117248A200B8EDEF /* BlueRectHighlight.png */,
				C9EFADFA1174063C00014AF8 /* OrangeRectHighlight.png */,
				C9F402B2117248A200B8EDEF /* GreenRectHighlight.png */,
				C91D09241178000000C3984C /* Padlock-icon_small.png */,
				C91D09221177FF5D00C3984C /* Padlock-icon.png */,
				C96DFF151177DE3100DF882E /* Welcome.xib */,
				28AD733E0D9D9553002E5188 /* MainWindow.xib */,
				C96A152A117261D70097D97D /* QuestionOneView.xib */,
				C9679986117BB19200FB1A88 /* QuestionTwoView.xib */,
				C967998B117BB29D00FB1A88 /* QuestionThreeView.xib */,
				C967998A117BB29D00FB1A88 /* QuestionFourView.xib */,
				C9679989117BB29D00FB1A88 /* QuestionFiveView.xib */,
				C967997E117BB13B00FB1A88 /* QuestionSixView.xib */,
			);
			name = Resources;
			sourceTree = "<group>";
		};
		29B97323FDCFA39411CA2CEA /* Frameworks */ = {
			isa = PBXGroup;
			children = (
				1DF5F4DF0D08C38300B7A737 /* UIKit.framework */,
				1D30AB110D05D00D00671497 /* Foundation.framework */,
				288765FC0DF74451002DB57D /* CoreGraphics.framework */,
			);
			name = Frameworks;
			sourceTree = "<group>";
		};
		C96A1450117257BE0097D97D /* Questions */ = {
			isa = PBXGroup;
			children = (
				C96A14411172576F0097D97D /* QuestionOneViewController.h */,
				C96A14421172576F0097D97D /* QuestionOneViewController.m */,
				C96A1444117257820097D97D /* QuestionTwoViewController.h */,
				C96A1445117257820097D97D /* QuestionTwoViewController.m */,
				C96A14471172578F0097D97D /* QuestionThreeViewController.h */,
				C96A14481172578F0097D97D /* QuestionThreeViewController.m */,
				C967999E117BB4B300FB1A88 /* QuestionFourViewController.h */,
				C967999F117BB4B300FB1A88 /* QuestionFourViewController.m */,
				C967999C117BB4B300FB1A88 /* QuestionFiveViewController.h */,
				C967999D117BB4B300FB1A88 /* QuestionFiveViewController.m */,
				C9679999117BB4A700FB1A88 /* QuestionSixViewController.h */,
				C967999A117BB4A700FB1A88 /* QuestionSixViewController.m */,
			);
			name = Questions;
			sourceTree = "<group>";
		};
/* End PBXGroup section */

/* Begin PBXNativeTarget section */
		1D6058900D05DD3D006BFB54 /* CentareSurvey */ = {
			isa = PBXNativeTarget;
			buildConfigurationList = 1D6058960D05DD3E006BFB54 /* Build configuration list for PBXNativeTarget "CentareSurvey" */;
			buildPhases = (
				1D60588D0D05DD3D006BFB54 /* Resources */,
				1D60588E0D05DD3D006BFB54 /* Sources */,
				1D60588F0D05DD3D006BFB54 /* Frameworks */,
			);
			buildRules = (
			);
			dependencies = (
			);
			name = CentareSurvey;
			productName = CentareSurvey;
			productReference = 1D6058910D05DD3D006BFB54 /* CentareSurvey.app */;
			productType = "com.apple.product-type.application";
		};
/* End PBXNativeTarget section */

/* Begin PBXProject section */
		29B97313FDCFA39411CA2CEA /* Project object */ = {
			isa = PBXProject;
			buildConfigurationList = C01FCF4E08A954540054247B /* Build configuration list for PBXProject "CentareSurvey" */;
			compatibilityVersion = "Xcode 3.1";
			hasScannedForEncodings = 1;
			mainGroup = 29B97314FDCFA39411CA2CEA /* CustomTemplate */;
			projectDirPath = "";
			projectRoot = "";
			targets = (
				1D6058900D05DD3D006BFB54 /* CentareSurvey */,
			);
		};
/* End PBXProject section */

/* Begin PBXResourcesBuildPhase section */
		1D60588D0D05DD3D006BFB54 /* Resources */ = {
			isa = PBXResourcesBuildPhase;
			buildActionMask = 2147483647;
			files = (
				28AD733F0D9D9553002E5188 /* MainWindow.xib in Resources */,
				C9F402B3117248A200B8EDEF /* BlueRect.png in Resources */,
				C9F402B4117248A200B8EDEF /* BlueRectHighlight.png in Resources */,
				C9F402B5117248A200B8EDEF /* Centare.png in Resources */,
				C9F402B6117248A200B8EDEF /* GreenRectHighlight.png in Resources */,
				C96A152B117261D70097D97D /* QuestionOneView.xib in Resources */,
				C9EFADFB1174063C00014AF8 /* OrangeRectHighlight.png in Resources */,
				C96DFF161177DE3100DF882E /* Welcome.xib in Resources */,
				C91D09231177FF5D00C3984C /* Padlock-icon.png in Resources */,
				C91D09251178000000C3984C /* Padlock-icon_small.png in Resources */,
				C9B5BC3F117A4BAE007F159C /* Centare_Icon_90x90.png in Resources */,
				C9679982117BB13B00FB1A88 /* QuestionSixView.xib in Resources */,
				C9679987117BB19200FB1A88 /* QuestionTwoView.xib in Resources */,
				C967998C117BB29D00FB1A88 /* QuestionFiveView.xib in Resources */,
				C967998D117BB29D00FB1A88 /* QuestionFourView.xib in Resources */,
				C967998E117BB29D00FB1A88 /* QuestionThreeView.xib in Resources */,
			);
			runOnlyForDeploymentPostprocessing = 0;
		};
/* End PBXResourcesBuildPhase section */

/* Begin PBXSourcesBuildPhase section */
		1D60588E0D05DD3D006BFB54 /* Sources */ = {
			isa = PBXSourcesBuildPhase;
			buildActionMask = 2147483647;
			files = (
				1D60589B0D05DD56006BFB54 /* main.m in Sources */,
				1D3623260D0F684500981E51 /* CentareSurveyAppDelegate.m in Sources */,
				C96A143F117249720097D97D /* RootViewController.m in Sources */,
				C96A14431172576F0097D97D /* QuestionOneViewController.m in Sources */,
				C96A1446117257820097D97D /* QuestionTwoViewController.m in Sources */,
				C96A14491172578F0097D97D /* QuestionThreeViewController.m in Sources */,
				C96DFF141177DD0C00DF882E /* WelcomeViewController.m in Sources */,
				C967999B117BB4A700FB1A88 /* QuestionSixViewController.m in Sources */,
				C96799A0117BB4B300FB1A88 /* QuestionFiveViewController.m in Sources */,
				C96799A1117BB4B300FB1A88 /* QuestionFourViewController.m in Sources */,
			);
			runOnlyForDeploymentPostprocessing = 0;
		};
/* End PBXSourcesBuildPhase section */

/* Begin XCBuildConfiguration section */
		1D6058940D05DD3E006BFB54 /* Debug */ = {
			isa = XCBuildConfiguration;
			buildSettings = {
				ALWAYS_SEARCH_USER_PATHS = NO;
				BUILD_STYLE = Debug;
				COPY_PHASE_STRIP = NO;
				GCC_DYNAMIC_NO_PIC = NO;
				GCC_OPTIMIZATION_LEVEL = 0;
				GCC_PRECOMPILE_PREFIX_HEADER = YES;
				GCC_PREFIX_HEADER = CentareSurvey_Prefix.pch;
				INFOPLIST_FILE = "CentareSurvey-Info.plist";
				PRODUCT_NAME = CentareSurvey;
			};
			name = Debug;
		};
		1D6058950D05DD3E006BFB54 /* Release */ = {
			isa = XCBuildConfiguration;
			buildSettings = {
				ALWAYS_SEARCH_USER_PATHS = NO;
				BUILD_STYLE = Release;
				COPY_PHASE_STRIP = YES;
				GCC_PRECOMPILE_PREFIX_HEADER = YES;
				GCC_PREFIX_HEADER = CentareSurvey_Prefix.pch;
				INFOPLIST_FILE = "CentareSurvey-Info.plist";
				PRODUCT_NAME = CentareSurvey;
				VALIDATE_PRODUCT = YES;
			};
			name = Release;
		};
		C01FCF4F08A954540054247B /* Debug */ = {
			isa = XCBuildConfiguration;
			buildSettings = {
				"ARCHS[sdk=iphoneos*]" = armv7;
				"ARCHS[sdk=iphonesimulator*]" = i386;
				BUILD_STYLE = Debug;
				"CODE_SIGN_IDENTITY[sdk=iphoneos*]" = "iPhone Developer";
				GCC_C_LANGUAGE_STANDARD = c99;
				GCC_WARN_ABOUT_RETURN_TYPE = YES;
				GCC_WARN_UNUSED_VARIABLE = YES;
				PREBINDING = NO;
				SDKROOT = iphoneos3.2;
				TARGETED_DEVICE_FAMILY = 2;
			};
			name = Debug;
		};
		C01FCF5008A954540054247B /* Release */ = {
			isa = XCBuildConfiguration;
			buildSettings = {
				"ARCHS[sdk=iphoneos*]" = armv7;
				"ARCHS[sdk=iphonesimulator*]" = i386;
				BUILD_STYLE = Release;
				"CODE_SIGN_IDENTITY[sdk=iphoneos*]" = "iPhone Developer";
				GCC_C_LANGUAGE_STANDARD = c99;
				GCC_WARN_ABOUT_RETURN_TYPE = YES;
				GCC_WARN_UNUSED_VARIABLE = YES;
				OTHER_CFLAGS = "-DNS_BLOCK_ASSERTIONS=1";
				PREBINDING = NO;
				SDKROOT = iphoneos3.2;
				TARGETED_DEVICE_FAMILY = 2;
			};
			name = Release;
		};
/* End XCBuildConfiguration section */

/* Begin XCConfigurationList section */
		1D6058960D05DD3E006BFB54 /* Build configuration list for PBXNativeTarget "CentareSurvey" */ = {
			isa = XCConfigurationList;
			buildConfigurations = (
				1D6058940D05DD3E006BFB54 /* Debug */,
				1D6058950D05DD3E006BFB54 /* Release */,
			);
			defaultConfigurationIsVisible = 0;
			defaultConfigurationName = Release;
		};
		C01FCF4E08A954540054247B /* Build configuration list for PBXProject "CentareSurvey" */ = {
			isa = XCConfigurationList;
			buildConfigurations = (
				C01FCF4F08A954540054247B /* Debug */,
				C01FCF5008A954540054247B /* Release */,
			);
			defaultConfigurationIsVisible = 0;
			defaultConfigurationName = Release;
		};
/* End XCConfigurationList section */
	};
	rootObject = 29B97313FDCFA39411CA2CEA /* Project object */;
}
